// !$*UTF8*$!
{
	archiveVersion = 1;
	classes = {
	};
	objectVersion = 55;
	objects = {

/* Begin PBXBuildFile section */
		1E5E07D4287069B600160466 /* AppDelegate.swift in Sources */ = {isa = PBXBuildFile; fileRef = 1E5E07D3287069B600160466 /* AppDelegate.swift */; };
		1E5E07D6287069B600160466 /* SceneDelegate.swift in Sources */ = {isa = PBXBuildFile; fileRef = 1E5E07D5287069B600160466 /* SceneDelegate.swift */; };
		1E5E07D8287069B600160466 /* ViewController.swift in Sources */ = {isa = PBXBuildFile; fileRef = 1E5E07D7287069B600160466 /* ViewController.swift */; };
		1E5E07DB287069B600160466 /* Main.storyboard in Resources */ = {isa = PBXBuildFile; fileRef = 1E5E07D9287069B600160466 /* Main.storyboard */; };
		1E5E07DD287069B700160466 /* Assets.xcassets in Resources */ = {isa = PBXBuildFile; fileRef = 1E5E07DC287069B700160466 /* Assets.xcassets */; };
		1E5E07E0287069B700160466 /* LaunchScreen.storyboard in Resources */ = {isa = PBXBuildFile; fileRef = 1E5E07DE287069B700160466 /* LaunchScreen.storyboard */; };
		1E5E07E828706B5900160466 /* CryptoCell.swift in Sources */ = {isa = PBXBuildFile; fileRef = 1E5E07E728706B5900160466 /* CryptoCell.swift */; };
		1E9A73C42870A256004C5B75 /* CryptoCurrency.swift in Sources */ = {isa = PBXBuildFile; fileRef = 1E9A73C32870A256004C5B75 /* CryptoCurrency.swift */; };
		1E9A73C62870A8E1004C5B75 /* JsonService.swift in Sources */ = {isa = PBXBuildFile; fileRef = 1E9A73C52870A8E1004C5B75 /* JsonService.swift */; };
		1E9A73C82870BF6C004C5B75 /* CryptoViewModel.swift in Sources */ = {isa = PBXBuildFile; fileRef = 1E9A73C72870BF6C004C5B75 /* CryptoViewModel.swift */; };
/* End PBXBuildFile section */

/* Begin PBXFileReference section */
		1E5E07D0287069B600160466 /* CryptoCrazy.app */ = {isa = PBXFileReference; explicitFileType = wrapper.application; includeInIndex = 0; path = CryptoCrazy.app; sourceTree = BUILT_PRODUCTS_DIR; };
		1E5E07D3287069B600160466 /* AppDelegate.swift */ = {isa = PBXFileReference; lastKnownFileType = sourcecode.swift; path = AppDelegate.swift; sourceTree = "<group>"; };
		1E5E07D5287069B600160466 /* SceneDelegate.swift */ = {isa = PBXFileReference; lastKnownFileType = sourcecode.swift; path = SceneDelegate.swift; sourceTree = "<group>"; };
		1E5E07D7287069B600160466 /* ViewController.swift */ = {isa = PBXFileReference; lastKnownFileType = sourcecode.swift; path = ViewController.swift; sourceTree = "<group>"; };
		1E5E07DA287069B600160466 /* Base */ = {isa = PBXFileReference; lastKnownFileType = file.storyboard; name = Base; path = Base.lproj/Main.storyboard; sourceTree = "<group>"; };
		1E5E07DC287069B700160466 /* Assets.xcassets */ = {isa = PBXFileReference; lastKnownFileType = folder.assetcatalog; path = Assets.xcassets; sourceTree = "<group>"; };
		1E5E07DF287069B700160466 /* Base */ = {isa = PBXFileReference; lastKnownFileType = file.storyboard; name = Base; path = Base.lproj/LaunchScreen.storyboard; sourceTree = "<group>"; };
		1E5E07E1287069B700160466 /* Info.plist */ = {isa = PBXFileReference; lastKnownFileType = text.plist.xml; path = Info.plist; sourceTree = "<group>"; };
		1E5E07E728706B5900160466 /* CryptoCell.swift */ = {isa = PBXFileReference; lastKnownFileType = sourcecode.swift; path = CryptoCell.swift; sourceTree = "<group>"; };
		1E9A73C32870A256004C5B75 /* CryptoCurrency.swift */ = {isa = PBXFileReference; lastKnownFileType = sourcecode.swift; path = CryptoCurrency.swift; sourceTree = "<group>"; };
		1E9A73C52870A8E1004C5B75 /* JsonService.swift */ = {isa = PBXFileReference; lastKnownFileType = sourcecode.swift; path = JsonService.swift; sourceTree = "<group>"; };
		1E9A73C72870BF6C004C5B75 /* CryptoViewModel.swift */ = {isa = PBXFileReference; lastKnownFileType = sourcecode.swift; path = CryptoViewModel.swift; sourceTree = "<group>"; };
/* End PBXFileReference section */

/* Begin PBXFrameworksBuildPhase section */
		1E5E07CD287069B600160466 /* Frameworks */ = {
			isa = PBXFrameworksBuildPhase;
			buildActionMask = 2147483647;
			files = (
			);
			runOnlyForDeploymentPostprocessing = 0;
		};
/* End PBXFrameworksBuildPhase section */

/* Begin PBXGroup section */
		1E5E07C7287069B600160466 = {
			isa = PBXGroup;
			children = (
				1E5E07D2287069B600160466 /* CryptoCrazy */,
				1E5E07D1287069B600160466 /* Products */,
			);
			sourceTree = "<group>";
		};
		1E5E07D1287069B600160466 /* Products */ = {
			isa = PBXGroup;
			children = (
				1E5E07D0287069B600160466 /* CryptoCrazy.app */,
			);
			name = Products;
			sourceTree = "<group>";
		};
		1E5E07D2287069B600160466 /* CryptoCrazy */ = {
			isa = PBXGroup;
			children = (
				1E9A73C22870A236004C5B75 /* Service */,
				1E9A73C12870A22E004C5B75 /* View Model */,
				1E9A73C02870A229004C5B75 /* Model */,
				1E9A73BF2870A223004C5B75 /* View */,
				1E5E07D9287069B600160466 /* Main.storyboard */,
				1E5E07DC287069B700160466 /* Assets.xcassets */,
				1E5E07DE287069B700160466 /* LaunchScreen.storyboard */,
				1E5E07E1287069B700160466 /* Info.plist */,
			);
			path = CryptoCrazy;
			sourceTree = "<group>";
		};
		1E9A73BF2870A223004C5B75 /* View */ = {
			isa = PBXGroup;
			children = (
				1E5E07D3287069B600160466 /* AppDelegate.swift */,
				1E5E07D5287069B600160466 /* SceneDelegate.swift */,
				1E5E07E728706B5900160466 /* CryptoCell.swift */,
				1E5E07D7287069B600160466 /* ViewController.swift */,
			);
			path = View;
			sourceTree = "<group>";
		};
		1E9A73C02870A229004C5B75 /* Model */ = {
			isa = PBXGroup;
			children = (
				1E9A73C32870A256004C5B75 /* CryptoCurrency.swift */,
			);
			path = Model;
			sourceTree = "<group>";
		};
		1E9A73C12870A22E004C5B75 /* View Model */ = {
			isa = PBXGroup;
			children = (
				1E9A73C72870BF6C004C5B75 /* CryptoViewModel.swift */,
			);
			path = "View Model";
			sourceTree = "<group>";
		};
		1E9A73C22870A236004C5B75 /* Service */ = {
			isa = PBXGroup;
			children = (
				1E9A73C52870A8E1004C5B75 /* JsonService.swift */,
			);
			path = Service;
			sourceTree = "<group>";
		};
/* End PBXGroup section */

/* Begin PBXNativeTarget section */
		1E5E07CF287069B600160466 /* CryptoCrazy */ = {
			isa = PBXNativeTarget;
			buildConfigurationList = 1E5E07E4287069B700160466 /* Build configuration list for PBXNativeTarget "CryptoCrazy" */;
			buildPhases = (
				1E5E07CC287069B600160466 /* Sources */,
				1E5E07CD287069B600160466 /* Frameworks */,
				1E5E07CE287069B600160466 /* Resources */,
			);
			buildRules = (
			);
			dependencies = (
			);
			name = CryptoCrazy;
			productName = CryptoCrazy;
			productReference = 1E5E07D0287069B600160466 /* CryptoCrazy.app */;
			productType = "com.apple.product-type.application";
		};
/* End PBXNativeTarget section */

/* Begin PBXProject section */
		1E5E07C8287069B600160466 /* Project object */ = {
			isa = PBXProject;
			attributes = {
				BuildIndependentTargetsInParallel = 1;
				LastSwiftUpdateCheck = 1340;
				LastUpgradeCheck = 1340;
				TargetAttributes = {
					1E5E07CF287069B600160466 = {
						CreatedOnToolsVersion = 13.4.1;
					};
				};
			};
			buildConfigurationList = 1E5E07CB287069B600160466 /* Build configuration list for PBXProject "CryptoCrazy" */;
			compatibilityVersion = "Xcode 13.0";
			developmentRegion = en;
			hasScannedForEncodings = 0;
			knownRegions = (
				en,
				Base,
			);
			mainGroup = 1E5E07C7287069B600160466;
			productRefGroup = 1E5E07D1287069B600160466 /* Products */;
			projectDirPath = "";
			projectRoot = "";
			targets = (
				1E5E07CF287069B600160466 /* CryptoCrazy */,
			);
		};
/* End PBXProject section */

/* Begin PBXResourcesBuildPhase section */
		1E5E07CE287069B600160466 /* Resources */ = {
			isa = PBXResourcesBuildPhase;
			buildActionMask = 2147483647;
			files = (
				1E5E07E0287069B700160466 /* LaunchScreen.storyboard in Resources */,
				1E5E07DD287069B700160466 /* Assets.xcassets in Resources */,
				1E5E07DB287069B600160466 /* Main.storyboard in Resources */,
			);
			runOnlyForDeploymentPostprocessing = 0;
		};
/* End PBXResourcesBuildPhase section */

/* Begin PBXSourcesBuildPhase section */
		1E5E07CC287069B600160466 /* Sources */ = {
			isa = PBXSourcesBuildPhase;
			buildActionMask = 2147483647;
			files = (
				1E5E07E828706B5900160466 /* CryptoCell.swift in Sources */,
				1E5E07D8287069B600160466 /* ViewController.swift in Sources */,
				1E5E07D4287069B600160466 /* AppDelegate.swift in Sources */,
				1E9A73C82870BF6C004C5B75 /* CryptoViewModel.swift in Sources */,
				1E9A73C42870A256004C5B75 /* CryptoCurrency.swift in Sources */,
				1E5E07D6287069B600160466 /* SceneDelegate.swift in Sources */,
				1E9A73C62870A8E1004C5B75 /* JsonService.swift in Sources */,
			);
			runOnlyForDeploymentPostprocessing = 0;
		};
/* End PBXSourcesBuildPhase section */

/* Begin PBXVariantGroup section */
		1E5E07D9287069B600160466 /* Main.storyboard */ = {
			isa = PBXVariantGroup;
			children = (
				1E5E07DA287069B600160466 /* Base */,
			);
			name = Main.storyboard;
			sourceTree = "<group>";
		};
		1E5E07DE287069B700160466 /* LaunchScreen.storyboard */ = {
			isa = PBXVariantGroup;
			children = (
				1E5E07DF287069B700160466 /* Base */,
			);
			name = LaunchScreen.storyboard;
			sourceTree = "<group>";
		};
/* End PBXVariantGroup section */

/* Begin XCBuildConfiguration section */
		1E5E07E2287069B700160466 /* Debug */ = {
			isa = XCBuildConfiguration;
			buildSettings = {
				ALWAYS_SEARCH_USER_PATHS = NO;
				CLANG_ANALYZER_NONNULL = YES;
				CLANG_ANALYZER_NUMBER_OBJECT_CONVERSION = YES_AGGRESSIVE;
				CLANG_CXX_LANGUAGE_STANDARD = "gnu++17";
				CLANG_ENABLE_MODULES = YES;
				CLANG_ENABLE_OBJC_ARC = YES;
				CLANG_ENABLE_OBJC_WEAK = YES;
				CLANG_WARN_BLOCK_CAPTURE_AUTORELEASING = YES;
				CLANG_WARN_BOOL_CONVERSION = YES;
				CLANG_WARN_COMMA = YES;
				CLANG_WARN_CONSTANT_CONVERSION = YES;
				CLANG_WARN_DEPRECATED_OBJC_IMPLEMENTATIONS = YES;
				CLANG_WARN_DIRECT_OBJC_ISA_USAGE = YES_ERROR;
				CLANG_WARN_DOCUMENTATION_COMMENTS = YES;
				CLANG_WARN_EMPTY_BODY = YES;
				CLANG_WARN_ENUM_CONVERSION = YES;
				CLANG_WARN_INFINITE_RECURSION = YES;
				CLANG_WARN_INT_CONVERSION = YES;
				CLANG_WARN_NON_LITERAL_NULL_CONVERSION = YES;
				CLANG_WARN_OBJC_IMPLICIT_RETAIN_SELF = YES;
				CLANG_WARN_OBJC_LITERAL_CONVERSION = YES;
				CLANG_WARN_OBJC_ROOT_CLASS = YES_ERROR;
				CLANG_WARN_QUOTED_INCLUDE_IN_FRAMEWORK_HEADER = YES;
				CLANG_WARN_RANGE_LOOP_ANALYSIS = YES;
				CLANG_WARN_STRICT_PROTOTYPES = YES;
				CLANG_WARN_SUSPICIOUS_MOVE = YES;
				CLANG_WARN_UNGUARDED_AVAILABILITY = YES_AGGRESSIVE;
				CLANG_WARN_UNREACHABLE_CODE = YES;
				CLANG_WARN__DUPLICATE_METHOD_MATCH = YES;
				COPY_PHASE_STRIP = NO;
				DEBUG_INFORMATION_FORMAT = dwarf;
				ENABLE_STRICT_OBJC_MSGSEND = YES;
				ENABLE_TESTABILITY = YES;
				GCC_C_LANGUAGE_STANDARD = gnu11;
				GCC_DYNAMIC_NO_PIC = NO;
				GCC_NO_COMMON_BLOCKS = YES;
				GCC_OPTIMIZATION_LEVEL = 0;
				GCC_PREPROCESSOR_DEFINITIONS = (
					"DEBUG=1",
					"$(inherited)",
				);
				GCC_WARN_64_TO_32_BIT_CONVERSION = YES;
				GCC_WARN_ABOUT_RETURN_TYPE = YES_ERROR;
				GCC_WARN_UNDECLARED_SELECTOR = YES;
				GCC_WARN_UNINITIALIZED_AUTOS = YES_AGGRESSIVE;
				GCC_WARN_UNUSED_FUNCTION = YES;
				GCC_WARN_UNUSED_VARIABLE = YES;
				IPHONEOS_DEPLOYMENT_TARGET = 15.5;
				MTL_ENABLE_DEBUG_INFO = INCLUDE_SOURCE;
				MTL_FAST_MATH = YES;
				ONLY_ACTIVE_ARCH = YES;
				SDKROOT = iphoneos;
				SWIFT_ACTIVE_COMPILATION_CONDITIONS = DEBUG;
				SWIFT_OPTIMIZATION_LEVEL = "-Onone";
			};
			name = Debug;
		};
		1E5E07E3287069B700160466 /* Release */ = {
			isa = XCBuildConfiguration;
			buildSettings = {
				ALWAYS_SEARCH_USER_PATHS = NO;
				CLANG_ANALYZER_NONNULL = YES;
				CLANG_ANALYZER_NUMBER_OBJECT_CONVERSION = YES_AGGRESSIVE;
				CLANG_CXX_LANGUAGE_STANDARD = "gnu++17";
				CLANG_ENABLE_MODULES = YES;
				CLANG_ENABLE_OBJC_ARC = YES;
				CLANG_ENABLE_OBJC_WEAK = YES;
				CLANG_WARN_BLOCK_CAPTURE_AUTORELEASING = YES;
				CLANG_WARN_BOOL_CONVERSION = YES;
				CLANG_WARN_COMMA = YES;
				CLANG_WARN_CONSTANT_CONVERSION = YES;
				CLANG_WARN_DEPRECATED_OBJC_IMPLEMENTATIONS = YES;
				CLANG_WARN_DIRECT_OBJC_ISA_USAGE = YES_ERROR;
				CLANG_WARN_DOCUMENTATION_COMMENTS = YES;
				CLANG_WARN_EMPTY_BODY = YES;
				CLANG_WARN_ENUM_CONVERSION = YES;
				CLANG_WARN_INFINITE_RECURSION = YES;
				CLANG_WARN_INT_CONVERSION = YES;
				CLANG_WARN_NON_LITERAL_NULL_CONVERSION = YES;
				CLANG_WARN_OBJC_IMPLICIT_RETAIN_SELF = YES;
				CLANG_WARN_OBJC_LITERAL_CONVERSION = YES;
				CLANG_WARN_OBJC_ROOT_CLASS = YES_ERROR;
				CLANG_WARN_QUOTED_INCLUDE_IN_FRAMEWORK_HEADER = YES;
				CLANG_WARN_RANGE_LOOP_ANALYSIS = YES;
				CLANG_WARN_STRICT_PROTOTYPES = YES;
				CLANG_WARN_SUSPICIOUS_MOVE = YES;
				CLANG_WARN_UNGUARDED_AVAILABILITY = YES_AGGRESSIVE;
				CLANG_WARN_UNREACHABLE_CODE = YES;
				CLANG_WARN__DUPLICATE_METHOD_MATCH = YES;
				COPY_PHASE_STRIP = NO;
				DEBUG_INFORMATION_FORMAT = "dwarf-with-dsym";
				ENABLE_NS_ASSERTIONS = NO;
				ENABLE_STRICT_OBJC_MSGSEND = YES;
				GCC_C_LANGUAGE_STANDARD = gnu11;
				GCC_NO_COMMON_BLOCKS = YES;
				GCC_WARN_64_TO_32_BIT_CONVERSION = YES;
				GCC_WARN_ABOUT_RETURN_TYPE = YES_ERROR;
				GCC_WARN_UNDECLARED_SELECTOR = YES;
				GCC_WARN_UNINITIALIZED_AUTOS = YES_AGGRESSIVE;
				GCC_WARN_UNUSED_FUNCTION = YES;
				GCC_WARN_UNUSED_VARIABLE = YES;
				IPHONEOS_DEPLOYMENT_TARGET = 15.5;
				MTL_ENABLE_DEBUG_INFO = NO;
				MTL_FAST_MATH = YES;
				SDKROOT = iphoneos;
				SWIFT_COMPILATION_MODE = wholemodule;
				SWIFT_OPTIMIZATION_LEVEL = "-O";
				VALIDATE_PRODUCT = YES;
			};
			name = Release;
		};
		1E5E07E5287069B700160466 /* Debug */ = {
			isa = XCBuildConfiguration;
			buildSettings = {
				ASSETCATALOG_COMPILER_APPICON_NAME = AppIcon;
				ASSETCATALOG_COMPILER_GLOBAL_ACCENT_COLOR_NAME = AccentColor;
				CODE_SIGN_STYLE = Automatic;
				CURRENT_PROJECT_VERSION = 1;
				DEVELOPMENT_TEAM = A483BHLCV9;
				GENERATE_INFOPLIST_FILE = YES;
				INFOPLIST_FILE = CryptoCrazy/Info.plist;
				INFOPLIST_KEY_UIApplicationSupportsIndirectInputEvents = YES;
				INFOPLIST_KEY_UILaunchStoryboardName = LaunchScreen;
				INFOPLIST_KEY_UIMainStoryboardFile = Main;
				INFOPLIST_KEY_UISupportedInterfaceOrientations_iPad = "UIInterfaceOrientationPortrait UIInterfaceOrientationPortraitUpsideDown UIInterfaceOrientationLandscapeLeft UIInterfaceOrientationLandscapeRight";
				INFOPLIST_KEY_UISupportedInterfaceOrientations_iPhone = "UIInterfaceOrientationPortrait UIInterfaceOrientationLandscapeLeft UIInterfaceOrientationLandscapeRight";
				LD_RUNPATH_SEARCH_PATHS = (
					"$(inherited)",
					"@executable_path/Frameworks",
				);
				MARKETING_VERSION = 1.0;
				PRODUCT_BUNDLE_IDENTIFIER = com.boztopuz.CryptoCrazy;
				PRODUCT_NAME = "$(TARGET_NAME)";
				SWIFT_EMIT_LOC_STRINGS = YES;
				SWIFT_VERSION = 5.0;
				TARGETED_DEVICE_FAMILY = "1,2";
			};
			name = Debug;
		};
		1E5E07E6287069B700160466 /* Release */ = {
			isa = XCBuildConfiguration;
			buildSettings = {
				ASSETCATALOG_COMPILER_APPICON_NAME = AppIcon;
				ASSETCATALOG_COMPILER_GLOBAL_ACCENT_COLOR_NAME = AccentColor;
				CODE_SIGN_STYLE = Automatic;
				CURRENT_PROJECT_VERSION = 1;
				DEVELOPMENT_TEAM = A483BHLCV9;
				GENERATE_INFOPLIST_FILE = YES;
				INFOPLIST_FILE = CryptoCrazy/Info.plist;
				INFOPLIST_KEY_UIApplicationSupportsIndirectInputEvents = YES;
				INFOPLIST_KEY_UILaunchStoryboardName = LaunchScreen;
				INFOPLIST_KEY_UIMainStoryboardFile = Main;
				INFOPLIST_KEY_UISupportedInterfaceOrientations_iPad = "UIInterfaceOrientationPortrait UIInterfaceOrientationPortraitUpsideDown UIInterfaceOrientationLandscapeLeft UIInterfaceOrientationLandscapeRight";
				INFOPLIST_KEY_UISupportedInterfaceOrientations_iPhone = "UIInterfaceOrientationPortrait UIInterfaceOrientationLandscapeLeft UIInterfaceOrientationLandscapeRight";
				LD_RUNPATH_SEARCH_PATHS = (
					"$(inherited)",
					"@executable_path/Frameworks",
				);
				MARKETING_VERSION = 1.0;
				PRODUCT_BUNDLE_IDENTIFIER = com.boztopuz.CryptoCrazy;
				PRODUCT_NAME = "$(TARGET_NAME)";
				SWIFT_EMIT_LOC_STRINGS = YES;
				SWIFT_VERSION = 5.0;
				TARGETED_DEVICE_FAMILY = "1,2";
			};
			name = Release;
		};
/* End XCBuildConfiguration section */

/* Begin XCConfigurationList section */
		1E5E07CB287069B600160466 /* Build configuration list for PBXProject "CryptoCrazy" */ = {
			isa = XCConfigurationList;
			buildConfigurations = (
				1E5E07E2287069B700160466 /* Debug */,
				1E5E07E3287069B700160466 /* Release */,
			);
			defaultConfigurationIsVisible = 0;
			defaultConfigurationName = Release;
		};
		1E5E07E4287069B700160466 /* Build configuration list for PBXNativeTarget "CryptoCrazy" */ = {
			isa = XCConfigurationList;
			buildConfigurations = (
				1E5E07E5287069B700160466 /* Debug */,
				1E5E07E6287069B700160466 /* Release */,
			);
			defaultConfigurationIsVisible = 0;
			defaultConfigurationName = Release;
		};
/* End XCConfigurationList section */
	};
	rootObject = 1E5E07C8287069B600160466 /* Project object */;
}
